// !$*UTF8*$!
{
	archiveVersion = 1;
	classes = {
	};
	objectVersion = 50;
	objects = {

/* Begin PBXBuildFile section */
		095E58FE1E35F3593783A89B /* Pods_ZXEmoticonKeyboard.framework in Frameworks */ = {isa = PBXBuildFile; fileRef = 37FE58935D2657BFD8205A7C /* Pods_ZXEmoticonKeyboard.framework */; };
		262EB43B2092F50E00BF8921 /* ZXViewController.swift in Sources */ = {isa = PBXBuildFile; fileRef = 262EB43A2092F50E00BF8921 /* ZXViewController.swift */; };
		262EB4422092F69600BF8921 /* ZXComposeTextView.swift in Sources */ = {isa = PBXBuildFile; fileRef = 262EB4412092F69600BF8921 /* ZXComposeTextView.swift */; };
		262EB4462092F6B700BF8921 /* ZXEmoticonTextAttachment.swift in Sources */ = {isa = PBXBuildFile; fileRef = 262EB4432092F6B700BF8921 /* ZXEmoticonTextAttachment.swift */; };
		262EB4472092F6B700BF8921 /* ZXEmoticon.swift in Sources */ = {isa = PBXBuildFile; fileRef = 262EB4442092F6B700BF8921 /* ZXEmoticon.swift */; };
		262EB4482092F6B700BF8921 /* ZXEmoticonPackage.swift in Sources */ = {isa = PBXBuildFile; fileRef = 262EB4452092F6B700BF8921 /* ZXEmoticonPackage.swift */; };
		262EB44F2092F6D100BF8921 /* ZXEmotionTipView.swift in Sources */ = {isa = PBXBuildFile; fileRef = 262EB4492092F6D000BF8921 /* ZXEmotionTipView.swift */; };
		262EB4502092F6D100BF8921 /* ZXEmotionToolBar.swift in Sources */ = {isa = PBXBuildFile; fileRef = 262EB44A2092F6D000BF8921 /* ZXEmotionToolBar.swift */; };
		262EB4512092F6D100BF8921 /* ZXEmotionLayout.swift in Sources */ = {isa = PBXBuildFile; fileRef = 262EB44B2092F6D000BF8921 /* ZXEmotionLayout.swift */; };
		262EB4522092F6D100BF8921 /* ZXEmotionCell.swift in Sources */ = {isa = PBXBuildFile; fileRef = 262EB44C2092F6D100BF8921 /* ZXEmotionCell.swift */; };
		262EB4532092F6D100BF8921 /* ZXEmotionInputView.swift in Sources */ = {isa = PBXBuildFile; fileRef = 262EB44D2092F6D100BF8921 /* ZXEmotionInputView.swift */; };
		262EB4542092F6D100BF8921 /* ZXEmotionInputView.xib in Resources */ = {isa = PBXBuildFile; fileRef = 262EB44E2092F6D100BF8921 /* ZXEmotionInputView.xib */; };
		262EB4572092F6DD00BF8921 /* ZXEmoticonManager.swift in Sources */ = {isa = PBXBuildFile; fileRef = 262EB4552092F6DB00BF8921 /* ZXEmoticonManager.swift */; };
		262EB4582092F6DD00BF8921 /* HMEmoticon.bundle in Resources */ = {isa = PBXBuildFile; fileRef = 262EB4562092F6DC00BF8921 /* HMEmoticon.bundle */; };
		26A07BC82092EE14001E9F75 /* AppDelegate.swift in Sources */ = {isa = PBXBuildFile; fileRef = 26A07BC72092EE14001E9F75 /* AppDelegate.swift */; };
		26A07BCD2092EE14001E9F75 /* Main.storyboard in Resources */ = {isa = PBXBuildFile; fileRef = 26A07BCB2092EE14001E9F75 /* Main.storyboard */; };
		26A07BCF2092EE15001E9F75 /* Assets.xcassets in Resources */ = {isa = PBXBuildFile; fileRef = 26A07BCE2092EE15001E9F75 /* Assets.xcassets */; };
		26A07BD22092EE15001E9F75 /* LaunchScreen.storyboard in Resources */ = {isa = PBXBuildFile; fileRef = 26A07BD02092EE15001E9F75 /* LaunchScreen.storyboard */; };
/* End PBXBuildFile section */

/* Begin PBXFileReference section */
		262EB43A2092F50E00BF8921 /* ZXViewController.swift */ = {isa = PBXFileReference; lastKnownFileType = sourcecode.swift; path = ZXViewController.swift; sourceTree = "<group>"; };
		262EB4412092F69600BF8921 /* ZXComposeTextView.swift */ = {isa = PBXFileReference; lastKnownFileType = sourcecode.swift; path = ZXComposeTextView.swift; sourceTree = "<group>"; };
		262EB4432092F6B700BF8921 /* ZXEmoticonTextAttachment.swift */ = {isa = PBXFileReference; fileEncoding = 4; lastKnownFileType = sourcecode.swift; path = ZXEmoticonTextAttachment.swift; sourceTree = "<group>"; };
		262EB4442092F6B700BF8921 /* ZXEmoticon.swift */ = {isa = PBXFileReference; fileEncoding = 4; lastKnownFileType = sourcecode.swift; path = ZXEmoticon.swift; sourceTree = "<group>"; };
		262EB4452092F6B700BF8921 /* ZXEmoticonPackage.swift */ = {isa = PBXFileReference; fileEncoding = 4; lastKnownFileType = sourcecode.swift; path = ZXEmoticonPackage.swift; sourceTree = "<group>"; };
		262EB4492092F6D000BF8921 /* ZXEmotionTipView.swift */ = {isa = PBXFileReference; fileEncoding = 4; lastKnownFileType = sourcecode.swift; path = ZXEmotionTipView.swift; sourceTree = "<group>"; };
		262EB44A2092F6D000BF8921 /* ZXEmotionToolBar.swift */ = {isa = PBXFileReference; fileEncoding = 4; lastKnownFileType = sourcecode.swift; path = ZXEmotionToolBar.swift; sourceTree = "<group>"; };
		262EB44B2092F6D000BF8921 /* ZXEmotionLayout.swift */ = {isa = PBXFileReference; fileEncoding = 4; lastKnownFileType = sourcecode.swift; path = ZXEmotionLayout.swift; sourceTree = "<group>"; };
		262EB44C2092F6D100BF8921 /* ZXEmotionCell.swift */ = {isa = PBXFileReference; fileEncoding = 4; lastKnownFileType = sourcecode.swift; path = ZXEmotionCell.swift; sourceTree = "<group>"; };
		262EB44D2092F6D100BF8921 /* ZXEmotionInputView.swift */ = {isa = PBXFileReference; fileEncoding = 4; lastKnownFileType = sourcecode.swift; path = ZXEmotionInputView.swift; sourceTree = "<group>"; };
		262EB44E2092F6D100BF8921 /* ZXEmotionInputView.xib */ = {isa = PBXFileReference; fileEncoding = 4; lastKnownFileType = file.xib; path = ZXEmotionInputView.xib; sourceTree = "<group>"; };
		262EB4552092F6DB00BF8921 /* ZXEmoticonManager.swift */ = {isa = PBXFileReference; fileEncoding = 4; lastKnownFileType = sourcecode.swift; path = ZXEmoticonManager.swift; sourceTree = "<group>"; };
		262EB4562092F6DC00BF8921 /* HMEmoticon.bundle */ = {isa = PBXFileReference; lastKnownFileType = "wrapper.plug-in"; path = HMEmoticon.bundle; sourceTree = "<group>"; };
		26A07BC42092EE13001E9F75 /* ZXEmoticonKeyboard.app */ = {isa = PBXFileReference; explicitFileType = wrapper.application; includeInIndex = 0; path = ZXEmoticonKeyboard.app; sourceTree = BUILT_PRODUCTS_DIR; };
		26A07BC72092EE14001E9F75 /* AppDelegate.swift */ = {isa = PBXFileReference; lastKnownFileType = sourcecode.swift; path = AppDelegate.swift; sourceTree = "<group>"; };
		26A07BCC2092EE14001E9F75 /* Base */ = {isa = PBXFileReference; lastKnownFileType = file.storyboard; name = Base; path = Base.lproj/Main.storyboard; sourceTree = "<group>"; };
		26A07BCE2092EE15001E9F75 /* Assets.xcassets */ = {isa = PBXFileReference; lastKnownFileType = folder.assetcatalog; path = Assets.xcassets; sourceTree = "<group>"; };
		26A07BD12092EE15001E9F75 /* Base */ = {isa = PBXFileReference; lastKnownFileType = file.storyboard; name = Base; path = Base.lproj/LaunchScreen.storyboard; sourceTree = "<group>"; };
		26A07BD32092EE15001E9F75 /* Info.plist */ = {isa = PBXFileReference; lastKnownFileType = text.plist.xml; path = Info.plist; sourceTree = "<group>"; };
		37FE58935D2657BFD8205A7C /* Pods_ZXEmoticonKeyboard.framework */ = {isa = PBXFileReference; explicitFileType = wrapper.framework; includeInIndex = 0; path = Pods_ZXEmoticonKeyboard.framework; sourceTree = BUILT_PRODUCTS_DIR; };
		A7FA074616B55D21E3243670 /* Pods-ZXEmoticonKeyboard.debug.xcconfig */ = {isa = PBXFileReference; includeInIndex = 1; lastKnownFileType = text.xcconfig; name = "Pods-ZXEmoticonKeyboard.debug.xcconfig"; path = "Pods/Target Support Files/Pods-ZXEmoticonKeyboard/Pods-ZXEmoticonKeyboard.debug.xcconfig"; sourceTree = "<group>"; };
		DFE365414303F69E9E3C2266 /* Pods-ZXEmoticonKeyboard.release.xcconfig */ = {isa = PBXFileReference; includeInIndex = 1; lastKnownFileType = text.xcconfig; name = "Pods-ZXEmoticonKeyboard.release.xcconfig"; path = "Pods/Target Support Files/Pods-ZXEmoticonKeyboard/Pods-ZXEmoticonKeyboard.release.xcconfig"; sourceTree = "<group>"; };
/* End PBXFileReference section */

/* Begin PBXFrameworksBuildPhase section */
		26A07BC12092EE13001E9F75 /* Frameworks */ = {
			isa = PBXFrameworksBuildPhase;
			buildActionMask = 2147483647;
			files = (
				095E58FE1E35F3593783A89B /* Pods_ZXEmoticonKeyboard.framework in Frameworks */,
			);
			runOnlyForDeploymentPostprocessing = 0;
		};
/* End PBXFrameworksBuildPhase section */

/* Begin PBXGroup section */
		262EB43C2092F64800BF8921 /* View */ = {
			isa = PBXGroup;
			children = (
				262EB4412092F69600BF8921 /* ZXComposeTextView.swift */,
				262EB44C2092F6D100BF8921 /* ZXEmotionCell.swift */,
				262EB44D2092F6D100BF8921 /* ZXEmotionInputView.swift */,
				262EB44E2092F6D100BF8921 /* ZXEmotionInputView.xib */,
				262EB44B2092F6D000BF8921 /* ZXEmotionLayout.swift */,
				262EB4492092F6D000BF8921 /* ZXEmotionTipView.swift */,
				262EB44A2092F6D000BF8921 /* ZXEmotionToolBar.swift */,
			);
			path = View;
			sourceTree = "<group>";
		};
		262EB43D2092F65600BF8921 /* Model */ = {
			isa = PBXGroup;
			children = (
				262EB4442092F6B700BF8921 /* ZXEmoticon.swift */,
				262EB4452092F6B700BF8921 /* ZXEmoticonPackage.swift */,
				262EB4432092F6B700BF8921 /* ZXEmoticonTextAttachment.swift */,
			);
			path = Model;
			sourceTree = "<group>";
		};
		262EB43E2092F65C00BF8921 /* Controller */ = {
			isa = PBXGroup;
			children = (
				262EB43A2092F50E00BF8921 /* ZXViewController.swift */,
			);
			path = Controller;
			sourceTree = "<group>";
		};
		262EB4592092F6ED00BF8921 /* Resource */ = {
			isa = PBXGroup;
			children = (
				262EB4562092F6DC00BF8921 /* HMEmoticon.bundle */,
			);
			path = Resource;
			sourceTree = "<group>";
		};
		262EB45A2092F71F00BF8921 /* Manager */ = {
			isa = PBXGroup;
			children = (
				262EB4552092F6DB00BF8921 /* ZXEmoticonManager.swift */,
			);
			path = Manager;
			sourceTree = "<group>";
		};
		26A07BBB2092EE13001E9F75 = {
			isa = PBXGroup;
			children = (
				26A07BC62092EE13001E9F75 /* ZXEmoticonKeyboard */,
				26A07BC52092EE13001E9F75 /* Products */,
				62822B44B7F1EA5CB183C49C /* Pods */,
				945DC43B286C4962C3BD2AB5 /* Frameworks */,
			);
			sourceTree = "<group>";
		};
		26A07BC52092EE13001E9F75 /* Products */ = {
			isa = PBXGroup;
			children = (
				26A07BC42092EE13001E9F75 /* ZXEmoticonKeyboard.app */,
			);
			name = Products;
			sourceTree = "<group>";
		};
		26A07BC62092EE13001E9F75 /* ZXEmoticonKeyboard */ = {
			isa = PBXGroup;
			children = (
				26A07BC72092EE14001E9F75 /* AppDelegate.swift */,
				262EB45A2092F71F00BF8921 /* Manager */,
				262EB43E2092F65C00BF8921 /* Controller */,
				262EB43D2092F65600BF8921 /* Model */,
				262EB43C2092F64800BF8921 /* View */,
				262EB4592092F6ED00BF8921 /* Resource */,
				26A07BCB2092EE14001E9F75 /* Main.storyboard */,
				26A07BCE2092EE15001E9F75 /* Assets.xcassets */,
				26A07BD02092EE15001E9F75 /* LaunchScreen.storyboard */,
				26A07BD32092EE15001E9F75 /* Info.plist */,
			);
			path = ZXEmoticonKeyboard;
			sourceTree = "<group>";
		};
		62822B44B7F1EA5CB183C49C /* Pods */ = {
			isa = PBXGroup;
			children = (
				A7FA074616B55D21E3243670 /* Pods-ZXEmoticonKeyboard.debug.xcconfig */,
				DFE365414303F69E9E3C2266 /* Pods-ZXEmoticonKeyboard.release.xcconfig */,
			);
			name = Pods;
			sourceTree = "<group>";
		};
		945DC43B286C4962C3BD2AB5 /* Frameworks */ = {
			isa = PBXGroup;
			children = (
				37FE58935D2657BFD8205A7C /* Pods_ZXEmoticonKeyboard.framework */,
			);
			name = Frameworks;
			sourceTree = "<group>";
		};
/* End PBXGroup section */

/* Begin PBXNativeTarget section */
		26A07BC32092EE13001E9F75 /* ZXEmoticonKeyboard */ = {
			isa = PBXNativeTarget;
			buildConfigurationList = 26A07BD62092EE15001E9F75 /* Build configuration list for PBXNativeTarget "ZXEmoticonKeyboard" */;
			buildPhases = (
				352D0BA0EAF2465B3B8B5F7C /* [CP] Check Pods Manifest.lock */,
				26A07BC02092EE13001E9F75 /* Sources */,
				26A07BC12092EE13001E9F75 /* Frameworks */,
				26A07BC22092EE13001E9F75 /* Resources */,
				7776FA7D960756B7B7785896 /* [CP] Embed Pods Frameworks */,
				A68AF58C91BB831663DBE69E /* [CP] Copy Pods Resources */,
			);
			buildRules = (
			);
			dependencies = (
			);
			name = ZXEmoticonKeyboard;
			productName = ZXEmoticonKeyboard;
			productReference = 26A07BC42092EE13001E9F75 /* ZXEmoticonKeyboard.app */;
			productType = "com.apple.product-type.application";
		};
/* End PBXNativeTarget section */

/* Begin PBXProject section */
		26A07BBC2092EE13001E9F75 /* Project object */ = {
			isa = PBXProject;
			attributes = {
				LastSwiftUpdateCheck = 0930;
				LastUpgradeCheck = 0930;
				ORGANIZATIONNAME = windorz;
				TargetAttributes = {
					26A07BC32092EE13001E9F75 = {
						CreatedOnToolsVersion = 9.3;
					};
				};
			};
			buildConfigurationList = 26A07BBF2092EE13001E9F75 /* Build configuration list for PBXProject "ZXEmoticonKeyboard" */;
			compatibilityVersion = "Xcode 9.3";
			developmentRegion = en;
			hasScannedForEncodings = 0;
			knownRegions = (
				en,
				Base,
			);
			mainGroup = 26A07BBB2092EE13001E9F75;
			productRefGroup = 26A07BC52092EE13001E9F75 /* Products */;
			projectDirPath = "";
			projectRoot = "";
			targets = (
				26A07BC32092EE13001E9F75 /* ZXEmoticonKeyboard */,
			);
		};
/* End PBXProject section */

/* Begin PBXResourcesBuildPhase section */
		26A07BC22092EE13001E9F75 /* Resources */ = {
			isa = PBXResourcesBuildPhase;
			buildActionMask = 2147483647;
			files = (
				26A07BD22092EE15001E9F75 /* LaunchScreen.storyboard in Resources */,
				26A07BCF2092EE15001E9F75 /* Assets.xcassets in Resources */,
				262EB4582092F6DD00BF8921 /* HMEmoticon.bundle in Resources */,
				26A07BCD2092EE14001E9F75 /* Main.storyboard in Resources */,
				262EB4542092F6D100BF8921 /* ZXEmotionInputView.xib in Resources */,
			);
			runOnlyForDeploymentPostprocessing = 0;
		};
/* End PBXResourcesBuildPhase section */

/* Begin PBXShellScriptBuildPhase section */
		352D0BA0EAF2465B3B8B5F7C /* [CP] Check Pods Manifest.lock */ = {
			isa = PBXShellScriptBuildPhase;
			buildActionMask = 2147483647;
			files = (
			);
			inputPaths = (
				"${PODS_PODFILE_DIR_PATH}/Podfile.lock",
				"${PODS_ROOT}/Manifest.lock",
			);
			name = "[CP] Check Pods Manifest.lock";
			outputPaths = (
				"$(DERIVED_FILE_DIR)/Pods-ZXEmoticonKeyboard-checkManifestLockResult.txt",
			);
			runOnlyForDeploymentPostprocessing = 0;
			shellPath = /bin/sh;
			shellScript = "diff \"${PODS_PODFILE_DIR_PATH}/Podfile.lock\" \"${PODS_ROOT}/Manifest.lock\" > /dev/null\nif [ $? != 0 ] ; then\n    # print error to STDERR\n    echo \"error: The sandbox is not in sync with the Podfile.lock. Run 'pod install' or update your CocoaPods installation.\" >&2\n    exit 1\nfi\n# This output is used by Xcode 'outputs' to avoid re-running this script phase.\necho \"SUCCESS\" > \"${SCRIPT_OUTPUT_FILE_0}\"\n";
			showEnvVarsInLog = 0;
		};
		7776FA7D960756B7B7785896 /* [CP] Embed Pods Frameworks */ = {
			isa = PBXShellScriptBuildPhase;
			buildActionMask = 2147483647;
			files = (
			);
			inputPaths = (
				"${SRCROOT}/Pods/Target Support Files/Pods-ZXEmoticonKeyboard/Pods-ZXEmoticonKeyboard-frameworks.sh",
				"${BUILT_PRODUCTS_DIR}/YYModel/YYModel.framework",
				"${BUILT_PRODUCTS_DIR}/pop/pop.framework",
			);
			name = "[CP] Embed Pods Frameworks";
			outputPaths = (
				"${TARGET_BUILD_DIR}/${FRAMEWORKS_FOLDER_PATH}/YYModel.framework",
				"${TARGET_BUILD_DIR}/${FRAMEWORKS_FOLDER_PATH}/pop.framework",
			);
			runOnlyForDeploymentPostprocessing = 0;
			shellPath = /bin/sh;
			shellScript = "\"${SRCROOT}/Pods/Target Support Files/Pods-ZXEmoticonKeyboard/Pods-ZXEmoticonKeyboard-frameworks.sh\"\n";
			showEnvVarsInLog = 0;
		};
		A68AF58C91BB831663DBE69E /* [CP] Copy Pods Resources */ = {
			isa = PBXShellScriptBuildPhase;
			buildActionMask = 2147483647;
			files = (
			);
			inputPaths = (
			);
			name = "[CP] Copy Pods Resources";
			outputPaths = (
			);
			runOnlyForDeploymentPostprocessing = 0;
			shellPath = /bin/sh;
			shellScript = "\"${SRCROOT}/Pods/Target Support Files/Pods-ZXEmoticonKeyboard/Pods-ZXEmoticonKeyboard-resources.sh\"\n";
			showEnvVarsInLog = 0;
		};
/* End PBXShellScriptBuildPhase section */

/* Begin PBXSourcesBuildPhase section */
		26A07BC02092EE13001E9F75 /* Sources */ = {
			isa = PBXSourcesBuildPhase;
			buildActionMask = 2147483647;
			files = (
				262EB4482092F6B700BF8921 /* ZXEmoticonPackage.swift in Sources */,
				262EB43B2092F50E00BF8921 /* ZXViewController.swift in Sources */,
				26A07BC82092EE14001E9F75 /* AppDelegate.swift in Sources */,
				262EB4502092F6D100BF8921 /* ZXEmotionToolBar.swift in Sources */,
				262EB4462092F6B700BF8921 /* ZXEmoticonTextAttachment.swift in Sources */,
				262EB4422092F69600BF8921 /* ZXComposeTextView.swift in Sources */,
				262EB4532092F6D100BF8921 /* ZXEmotionInputView.swift in Sources */,
				262EB4572092F6DD00BF8921 /* ZXEmoticonManager.swift in Sources */,
				262EB4522092F6D100BF8921 /* ZXEmotionCell.swift in Sources */,
				262EB4512092F6D100BF8921 /* ZXEmotionLayout.swift in Sources */,
				262EB44F2092F6D100BF8921 /* ZXEmotionTipView.swift in Sources */,
				262EB4472092F6B700BF8921 /* ZXEmoticon.swift in Sources */,
			);
			runOnlyForDeploymentPostprocessing = 0;
		};
/* End PBXSourcesBuildPhase section */

/* Begin PBXVariantGroup section */
		26A07BCB2092EE14001E9F75 /* Main.storyboard */ = {
			isa = PBXVariantGroup;
			children = (
				26A07BCC2092EE14001E9F75 /* Base */,
			);
			name = Main.storyboard;
			sourceTree = "<group>";
		};
		26A07BD02092EE15001E9F75 /* LaunchScreen.storyboard */ = {
			isa = PBXVariantGroup;
			children = (
				26A07BD12092EE15001E9F75 /* Base */,
			);
			name = LaunchScreen.storyboard;
			sourceTree = "<group>";
		};
/* End PBXVariantGroup section */

/* Begin XCBuildConfiguration section */
		26A07BD42092EE15001E9F75 /* Debug */ = {
			isa = XCBuildConfiguration;
			buildSettings = {
				ALWAYS_SEARCH_USER_PATHS = NO;
				CLANG_ANALYZER_NONNULL = YES;
				CLANG_ANALYZER_NUMBER_OBJECT_CONVERSION = YES_AGGRESSIVE;
				CLANG_CXX_LANGUAGE_STANDARD = "gnu++14";
				CLANG_CXX_LIBRARY = "libc++";
				CLANG_ENABLE_MODULES = YES;
				CLANG_ENABLE_OBJC_ARC = YES;
				CLANG_ENABLE_OBJC_WEAK = YES;
				CLANG_WARN_BLOCK_CAPTURE_AUTORELEASING = YES;
				CLANG_WARN_BOOL_CONVERSION = YES;
				CLANG_WARN_COMMA = YES;
				CLANG_WARN_CONSTANT_CONVERSION = YES;
				CLANG_WARN_DEPRECATED_OBJC_IMPLEMENTATIONS = YES;
				CLANG_WARN_DIRECT_OBJC_ISA_USAGE = YES_ERROR;
				CLANG_WARN_DOCUMENTATION_COMMENTS = YES;
				CLANG_WARN_EMPTY_BODY = YES;
				CLANG_WARN_ENUM_CONVERSION = YES;
				CLANG_WARN_INFINITE_RECURSION = YES;
				CLANG_WARN_INT_CONVERSION = YES;
				CLANG_WARN_NON_LITERAL_NULL_CONVERSION = YES;
				CLANG_WARN_OBJC_IMPLICIT_RETAIN_SELF = YES;
				CLANG_WARN_OBJC_LITERAL_CONVERSION = YES;
				CLANG_WARN_OBJC_ROOT_CLASS = YES_ERROR;
				CLANG_WARN_RANGE_LOOP_ANALYSIS = YES;
				CLANG_WARN_STRICT_PROTOTYPES = YES;
				CLANG_WARN_SUSPICIOUS_MOVE = YES;
				CLANG_WARN_UNGUARDED_AVAILABILITY = YES_AGGRESSIVE;
				CLANG_WARN_UNREACHABLE_CODE = YES;
				CLANG_WARN__DUPLICATE_METHOD_MATCH = YES;
				CODE_SIGN_IDENTITY = "iPhone Developer";
				COPY_PHASE_STRIP = NO;
				DEBUG_INFORMATION_FORMAT = dwarf;
				ENABLE_STRICT_OBJC_MSGSEND = YES;
				ENABLE_TESTABILITY = YES;
				GCC_C_LANGUAGE_STANDARD = gnu11;
				GCC_DYNAMIC_NO_PIC = NO;
				GCC_NO_COMMON_BLOCKS = YES;
				GCC_OPTIMIZATION_LEVEL = 0;
				GCC_PREPROCESSOR_DEFINITIONS = (
					"DEBUG=1",
					"$(inherited)",
				);
				GCC_WARN_64_TO_32_BIT_CONVERSION = YES;
				GCC_WARN_ABOUT_RETURN_TYPE = YES_ERROR;
				GCC_WARN_UNDECLARED_SELECTOR = YES;
				GCC_WARN_UNINITIALIZED_AUTOS = YES_AGGRESSIVE;
				GCC_WARN_UNUSED_FUNCTION = YES;
				GCC_WARN_UNUSED_VARIABLE = YES;
				IPHONEOS_DEPLOYMENT_TARGET = 11.3;
				MTL_ENABLE_DEBUG_INFO = YES;
				ONLY_ACTIVE_ARCH = YES;
				SDKROOT = iphoneos;
				SWIFT_ACTIVE_COMPILATION_CONDITIONS = DEBUG;
				SWIFT_OPTIMIZATION_LEVEL = "-Onone";
			};
			name = Debug;
		};
		26A07BD52092EE15001E9F75 /* Release */ = {
			isa = XCBuildConfiguration;
			buildSettings = {
				ALWAYS_SEARCH_USER_PATHS = NO;
				CLANG_ANALYZER_NONNULL = YES;
				CLANG_ANALYZER_NUMBER_OBJECT_CONVERSION = YES_AGGRESSIVE;
				CLANG_CXX_LANGUAGE_STANDARD = "gnu++14";
				CLANG_CXX_LIBRARY = "libc++";
				CLANG_ENABLE_MODULES = YES;
				CLANG_ENABLE_OBJC_ARC = YES;
				CLANG_ENABLE_OBJC_WEAK = YES;
				CLANG_WARN_BLOCK_CAPTURE_AUTORELEASING = YES;
				CLANG_WARN_BOOL_CONVERSION = YES;
				CLANG_WARN_COMMA = YES;
				CLANG_WARN_CONSTANT_CONVERSION = YES;
				CLANG_WARN_DEPRECATED_OBJC_IMPLEMENTATIONS = YES;
				CLANG_WARN_DIRECT_OBJC_ISA_USAGE = YES_ERROR;
				CLANG_WARN_DOCUMENTATION_COMMENTS = YES;
				CLANG_WARN_EMPTY_BODY = YES;
				CLANG_WARN_ENUM_CONVERSION = YES;
				CLANG_WARN_INFINITE_RECURSION = YES;
				CLANG_WARN_INT_CONVERSION = YES;
				CLANG_WARN_NON_LITERAL_NULL_CONVERSION = YES;
				CLANG_WARN_OBJC_IMPLICIT_RETAIN_SELF = YES;
				CLANG_WARN_OBJC_LITERAL_CONVERSION = YES;
				CLANG_WARN_OBJC_ROOT_CLASS = YES_ERROR;
				CLANG_WARN_RANGE_LOOP_ANALYSIS = YES;
				CLANG_WARN_STRICT_PROTOTYPES = YES;
				CLANG_WARN_SUSPICIOUS_MOVE = YES;
				CLANG_WARN_UNGUARDED_AVAILABILITY = YES_AGGRESSIVE;
				CLANG_WARN_UNREACHABLE_CODE = YES;
				CLANG_WARN__DUPLICATE_METHOD_MATCH = YES;
				CODE_SIGN_IDENTITY = "iPhone Developer";
				COPY_PHASE_STRIP = NO;
				DEBUG_INFORMATION_FORMAT = "dwarf-with-dsym";
				ENABLE_NS_ASSERTIONS = NO;
				ENABLE_STRICT_OBJC_MSGSEND = YES;
				GCC_C_LANGUAGE_STANDARD = gnu11;
				GCC_NO_COMMON_BLOCKS = YES;
				GCC_WARN_64_TO_32_BIT_CONVERSION = YES;
				GCC_WARN_ABOUT_RETURN_TYPE = YES_ERROR;
				GCC_WARN_UNDECLARED_SELECTOR = YES;
				GCC_WARN_UNINITIALIZED_AUTOS = YES_AGGRESSIVE;
				GCC_WARN_UNUSED_FUNCTION = YES;
				GCC_WARN_UNUSED_VARIABLE = YES;
				IPHONEOS_DEPLOYMENT_TARGET = 11.3;
				MTL_ENABLE_DEBUG_INFO = NO;
				SDKROOT = iphoneos;
				SWIFT_COMPILATION_MODE = wholemodule;
				SWIFT_OPTIMIZATION_LEVEL = "-O";
				VALIDATE_PRODUCT = YES;
			};
			name = Release;
		};
		26A07BD72092EE15001E9F75 /* Debug */ = {
			isa = XCBuildConfiguration;
			baseConfigurationReference = A7FA074616B55D21E3243670 /* Pods-ZXEmoticonKeyboard.debug.xcconfig */;
			buildSettings = {
				ASSETCATALOG_COMPILER_APPICON_NAME = AppIcon;
				CODE_SIGN_STYLE = Automatic;
				DEVELOPMENT_TEAM = 26Z2MG3ME2;
				INFOPLIST_FILE = ZXEmoticonKeyboard/Info.plist;
				IPHONEOS_DEPLOYMENT_TARGET = 9.0;
				LD_RUNPATH_SEARCH_PATHS = (
					"$(inherited)",
					"@executable_path/Frameworks",
				);
				PRODUCT_BUNDLE_IDENTIFIER = com.windorz.ZXEmoticonKeyboard;
				PRODUCT_NAME = "$(TARGET_NAME)";
				SWIFT_VERSION = 4.0;
				TARGETED_DEVICE_FAMILY = "1,2";
			};
			name = Debug;
		};
		26A07BD82092EE15001E9F75 /* Release */ = {
			isa = XCBuildConfiguration;
			baseConfigurationReference = DFE365414303F69E9E3C2266 /* Pods-ZXEmoticonKeyboard.release.xcconfig */;
			buildSettings = {
				ASSETCATALOG_COMPILER_APPICON_NAME = AppIcon;
				CODE_SIGN_STYLE = Automatic;
				DEVELOPMENT_TEAM = 26Z2MG3ME2;
				INFOPLIST_FILE = ZXEmoticonKeyboard/Info.plist;
				IPHONEOS_DEPLOYMENT_TARGET = 9.0;
				LD_RUNPATH_SEARCH_PATHS = (
					"$(inherited)",
					"@executable_path/Frameworks",
				);
				PRODUCT_BUNDLE_IDENTIFIER = com.windorz.ZXEmoticonKeyboard;
				PRODUCT_NAME = "$(TARGET_NAME)";
				SWIFT_VERSION = 4.0;
				TARGETED_DEVICE_FAMILY = "1,2";
			};
			name = Release;
		};
/* End XCBuildConfiguration section */

/* Begin XCConfigurationList section */
		26A07BBF2092EE13001E9F75 /* Build configuration list for PBXProject "ZXEmoticonKeyboard" */ = {
			isa = XCConfigurationList;
			buildConfigurations = (
				26A07BD42092EE15001E9F75 /* Debug */,
				26A07BD52092EE15001E9F75 /* Release */,
			);
			defaultConfigurationIsVisible = 0;
			defaultConfigurationName = Release;
		};
		26A07BD62092EE15001E9F75 /* Build configuration list for PBXNativeTarget "ZXEmoticonKeyboard" */ = {
			isa = XCConfigurationList;
			buildConfigurations = (
				26A07BD72092EE15001E9F75 /* Debug */,
				26A07BD82092EE15001E9F75 /* Release */,
			);
			defaultConfigurationIsVisible = 0;
			defaultConfigurationName = Release;
		};
/* End XCConfigurationList section */
	};
	rootObject = 26A07BBC2092EE13001E9F75 /* Project object */;
}
